
Microsoft Visual Studio Solution File, Format Version 12.00
# Visual Studio Version 16
VisualStudioVersion = 16.0.31229.75
MinimumVisualStudioVersion = 10.0.40219.1
Project("{FAE04EC0-301F-11D3-BF4B-00C04F79EFBC}") = "DonationRegister", "DonationRegister\DonationRegister.csproj", "{09AFF757-5239-439E-AA52-4ECEA92A19EA}"
EndProject
Global
	GlobalSection(SolutionConfigurationPlatforms) = preSolution
		Debug|Any CPU = Debug|Any CPU
		Release|Any CPU = Release|Any CPU
	EndGlobalSection
	GlobalSection(ProjectConfigurationPlatforms) = postSolution
		{09AFF757-5239-439E-AA52-4ECEA92A19EA}.Debug|Any CPU.ActiveCfg = Debug|Any CPU
		{09AFF757-5239-439E-AA52-4ECEA92A19EA}.Debug|Any CPU.Build.0 = Debug|Any CPU
		{09AFF757-5239-439E-AA52-4ECEA92A19EA}.Release|Any CPU.ActiveCfg = Release|Any CPU
		{09AFF757-5239-439E-AA52-4ECEA92A19EA}.Release|Any CPU.Build.0 = Release|Any CPU
	EndGlobalSection
	GlobalSection(SolutionProperties) = preSolution
		HideSolutionNode = FALSE
	EndGlobalSection
	GlobalSection(ExtensibilityGlobals) = postSolution
		SolutionGuid = {8275B33C-64FF-4F3F-849C-8C34B0FFF5A8}
	EndGlobalSection
EndGlobal
